{
  "name": "angular-gantt-schedule-timeline-calendar",
  "version": "1.1.3",
  "lockfileVersion": 1,
  "requires": true,
  "dependencies": {
    "@neuronet.io/vido": {
      "version": "2.5.9",
      "resolved": "https://registry.npmjs.org/@neuronet.io/vido/-/vido-2.5.9.tgz",
      "integrity": "sha512-oX+c9j/qdxrxxnTRvM/c/n8aoSY8wZlKgav7+SheAEMa0gjCWIRnncO04aEnkTP+BqNhMFzcFW7G8GWi26Hawg==",
      "requires": {
        "lit-html-optimised": "^1.1.5"
      }
    },
    "dayjs": {
      "version": "1.8.20",
      "resolved": "https://registry.npmjs.org/dayjs/-/dayjs-1.8.20.tgz",
      "integrity": "sha512-mH0MCDxw6UCGJYxVN78h8ugWycZAO8thkj3bW6vApL5tS0hQplIDdAQcmbvl7n35H0AKdCJQaArTrIQw2xt4Qg=="
    },
    "deep-state-observer": {
      "version": "3.2.2",
      "resolved": "https://registry.npmjs.org/deep-state-observer/-/deep-state-observer-3.2.2.tgz",
      "integrity": "sha512-FoKAj/Odu9R8KP1iQdkqhKn0HMMvhO0eeMUGUfZfnCkrpygKETD1zw7lICoGv1HVyW1JY+/1pfxizp1zNjacbA=="
    },
    "gantt-schedule-timeline-calendar": {
      "version": "1.3.1",
      "resolved": "https://registry.npmjs.org/gantt-schedule-timeline-calendar/-/gantt-schedule-timeline-calendar-1.3.1.tgz",
      "integrity": "sha512-LgRfrBBEUew6UFkIvjIOdm4CElfB0lEsiOB2lDQjp0/dkWWEPA5SVjNrVA+KXcA2ynA7knGuSunz8fWi4CPDCQ==",
      "requires": {
        "@neuronet.io/vido": "^2.5.9",
        "dayjs": "^1.8.17",
        "deep-state-observer": "^3.2.2",
        "resize-observer-polyfill": "^1.5.1"
      }
    },
    "lit-html-optimised": {
      "version": "1.1.5",
      "resolved": "https://registry.npmjs.org/lit-html-optimised/-/lit-html-optimised-1.1.5.tgz",
      "integrity": "sha512-dT2cS99SVy/dBKTlrzbI2PgnIhzGeYHU+DJ9ZSWDoYR4dwpdh9hPL+B/8OW6jgNelq+TpbuDuV/eQXwfA7Ywew=="
    },
    "resize-observer-polyfill": {
      "version": "1.5.1",
      "resolved": "https://registry.npmjs.org/resize-observer-polyfill/-/resize-observer-polyfill-1.5.1.tgz",
      "integrity": "sha512-LwZrotdHOo12nQuZlHEmtuXdqGoOD0OhaxopaNFxWzInpEgaLWoVuAMbTzixuosCx2nEG58ngzW3vxdWoxIgdg=="
    }
  }
}
